// !$*UTF8*$!
{
	archiveVersion = 1;
	classes = {
	};
	objectVersion = 46;
	objects = {

/* Begin PBXBuildFile section */
		E1D2EFB91B50ADF8006B118C /* AppDelegate.swift in Sources */ = {isa = PBXBuildFile; fileRef = E1D2EFB81B50ADF8006B118C /* AppDelegate.swift */; };
		E1D2EFBB1B50ADF8006B118C /* ViewController.swift in Sources */ = {isa = PBXBuildFile; fileRef = E1D2EFBA1B50ADF8006B118C /* ViewController.swift */; };
		E1D2EFBE1B50ADF8006B118C /* Main.storyboard in Resources */ = {isa = PBXBuildFile; fileRef = E1D2EFBC1B50ADF8006B118C /* Main.storyboard */; };
		E1D2EFC01B50ADF8006B118C /* Images.xcassets in Resources */ = {isa = PBXBuildFile; fileRef = E1D2EFBF1B50ADF8006B118C /* Images.xcassets */; };
		E1D2EFC31B50ADF8006B118C /* LaunchScreen.xib in Resources */ = {isa = PBXBuildFile; fileRef = E1D2EFC11B50ADF8006B118C /* LaunchScreen.xib */; };
		E1D2EFCF1B50ADF8006B118C /* Memorable_PlaceTests.swift in Sources */ = {isa = PBXBuildFile; fileRef = E1D2EFCE1B50ADF8006B118C /* Memorable_PlaceTests.swift */; };
		E1D2EFD91B50BAA1006B118C /* TableViewController.swift in Sources */ = {isa = PBXBuildFile; fileRef = E1D2EFD81B50BAA1006B118C /* TableViewController.swift */; };
		E1D2EFDB1B50BE98006B118C /* CoreLocation.framework in Frameworks */ = {isa = PBXBuildFile; fileRef = E1D2EFDA1B50BE98006B118C /* CoreLocation.framework */; };
/* End PBXBuildFile section */

/* Begin PBXContainerItemProxy section */
		E1D2EFC91B50ADF8006B118C /* PBXContainerItemProxy */ = {
			isa = PBXContainerItemProxy;
			containerPortal = E1D2EFAB1B50ADF8006B118C /* Project object */;
			proxyType = 1;
			remoteGlobalIDString = E1D2EFB21B50ADF8006B118C;
			remoteInfo = "Memorable Place";
		};
/* End PBXContainerItemProxy section */

/* Begin PBXFileReference section */
		E1D2EFB31B50ADF8006B118C /* Memorable Place.app */ = {isa = PBXFileReference; explicitFileType = wrapper.application; includeInIndex = 0; path = "Memorable Place.app"; sourceTree = BUILT_PRODUCTS_DIR; };
		E1D2EFB71B50ADF8006B118C /* Info.plist */ = {isa = PBXFileReference; lastKnownFileType = text.plist.xml; path = Info.plist; sourceTree = "<group>"; };
		E1D2EFB81B50ADF8006B118C /* AppDelegate.swift */ = {isa = PBXFileReference; lastKnownFileType = sourcecode.swift; path = AppDelegate.swift; sourceTree = "<group>"; };
		E1D2EFBA1B50ADF8006B118C /* ViewController.swift */ = {isa = PBXFileReference; lastKnownFileType = sourcecode.swift; path = ViewController.swift; sourceTree = "<group>"; };
		E1D2EFBD1B50ADF8006B118C /* Base */ = {isa = PBXFileReference; lastKnownFileType = file.storyboard; name = Base; path = Base.lproj/Main.storyboard; sourceTree = "<group>"; };
		E1D2EFBF1B50ADF8006B118C /* Images.xcassets */ = {isa = PBXFileReference; lastKnownFileType = folder.assetcatalog; path = Images.xcassets; sourceTree = "<group>"; };
		E1D2EFC21B50ADF8006B118C /* Base */ = {isa = PBXFileReference; lastKnownFileType = file.xib; name = Base; path = Base.lproj/LaunchScreen.xib; sourceTree = "<group>"; };
		E1D2EFC81B50ADF8006B118C /* Memorable PlaceTests.xctest */ = {isa = PBXFileReference; explicitFileType = wrapper.cfbundle; includeInIndex = 0; path = "Memorable PlaceTests.xctest"; sourceTree = BUILT_PRODUCTS_DIR; };
		E1D2EFCD1B50ADF8006B118C /* Info.plist */ = {isa = PBXFileReference; lastKnownFileType = text.plist.xml; path = Info.plist; sourceTree = "<group>"; };
		E1D2EFCE1B50ADF8006B118C /* Memorable_PlaceTests.swift */ = {isa = PBXFileReference; lastKnownFileType = sourcecode.swift; path = Memorable_PlaceTests.swift; sourceTree = "<group>"; };
		E1D2EFD81B50BAA1006B118C /* TableViewController.swift */ = {isa = PBXFileReference; fileEncoding = 4; lastKnownFileType = sourcecode.swift; path = TableViewController.swift; sourceTree = "<group>"; };
		E1D2EFDA1B50BE98006B118C /* CoreLocation.framework */ = {isa = PBXFileReference; lastKnownFileType = wrapper.framework; name = CoreLocation.framework; path = System/Library/Frameworks/CoreLocation.framework; sourceTree = SDKROOT; };
/* End PBXFileReference section */

/* Begin PBXFrameworksBuildPhase section */
		E1D2EFB01B50ADF8006B118C /* Frameworks */ = {
			isa = PBXFrameworksBuildPhase;
			buildActionMask = 2147483647;
			files = (
				E1D2EFDB1B50BE98006B118C /* CoreLocation.framework in Frameworks */,
			);
			runOnlyForDeploymentPostprocessing = 0;
		};
		E1D2EFC51B50ADF8006B118C /* Frameworks */ = {
			isa = PBXFrameworksBuildPhase;
			buildActionMask = 2147483647;
			files = (
			);
			runOnlyForDeploymentPostprocessing = 0;
		};
/* End PBXFrameworksBuildPhase section */

/* Begin PBXGroup section */
		E1D2EFAA1B50ADF8006B118C = {
			isa = PBXGroup;
			children = (
				E1D2EFDA1B50BE98006B118C /* CoreLocation.framework */,
				E1D2EFB51B50ADF8006B118C /* Memorable Place */,
				E1D2EFCB1B50ADF8006B118C /* Memorable PlaceTests */,
				E1D2EFB41B50ADF8006B118C /* Products */,
			);
			sourceTree = "<group>";
		};
		E1D2EFB41B50ADF8006B118C /* Products */ = {
			isa = PBXGroup;
			children = (
				E1D2EFB31B50ADF8006B118C /* Memorable Place.app */,
				E1D2EFC81B50ADF8006B118C /* Memorable PlaceTests.xctest */,
			);
			name = Products;
			sourceTree = "<group>";
		};
		E1D2EFB51B50ADF8006B118C /* Memorable Place */ = {
			isa = PBXGroup;
			children = (
				E1D2EFB81B50ADF8006B118C /* AppDelegate.swift */,
				E1D2EFBA1B50ADF8006B118C /* ViewController.swift */,
				E1D2EFBC1B50ADF8006B118C /* Main.storyboard */,
				E1D2EFD81B50BAA1006B118C /* TableViewController.swift */,
				E1D2EFBF1B50ADF8006B118C /* Images.xcassets */,
				E1D2EFC11B50ADF8006B118C /* LaunchScreen.xib */,
				E1D2EFB61B50ADF8006B118C /* Supporting Files */,
			);
			path = "Memorable Place";
			sourceTree = "<group>";
		};
		E1D2EFB61B50ADF8006B118C /* Supporting Files */ = {
			isa = PBXGroup;
			children = (
				E1D2EFB71B50ADF8006B118C /* Info.plist */,
			);
			name = "Supporting Files";
			sourceTree = "<group>";
		};
		E1D2EFCB1B50ADF8006B118C /* Memorable PlaceTests */ = {
			isa = PBXGroup;
			children = (
				E1D2EFCE1B50ADF8006B118C /* Memorable_PlaceTests.swift */,
				E1D2EFCC1B50ADF8006B118C /* Supporting Files */,
			);
			path = "Memorable PlaceTests";
			sourceTree = "<group>";
		};
		E1D2EFCC1B50ADF8006B118C /* Supporting Files */ = {
			isa = PBXGroup;
			children = (
				E1D2EFCD1B50ADF8006B118C /* Info.plist */,
			);
			name = "Supporting Files";
			sourceTree = "<group>";
		};
/* End PBXGroup section */

/* Begin PBXNativeTarget section */
		E1D2EFB21B50ADF8006B118C /* Memorable Place */ = {
			isa = PBXNativeTarget;
			buildConfigurationList = E1D2EFD21B50ADF8006B118C /* Build configuration list for PBXNativeTarget "Memorable Place" */;
			buildPhases = (
				E1D2EFAF1B50ADF8006B118C /* Sources */,
				E1D2EFB01B50ADF8006B118C /* Frameworks */,
				E1D2EFB11B50ADF8006B118C /* Resources */,
			);
			buildRules = (
			);
			dependencies = (
			);
			name = "Memorable Place";
			productName = "Memorable Place";
			productReference = E1D2EFB31B50ADF8006B118C /* Memorable Place.app */;
			productType = "com.apple.product-type.application";
		};
		E1D2EFC71B50ADF8006B118C /* Memorable PlaceTests */ = {
			isa = PBXNativeTarget;
			buildConfigurationList = E1D2EFD51B50ADF8006B118C /* Build configuration list for PBXNativeTarget "Memorable PlaceTests" */;
			buildPhases = (
				E1D2EFC41B50ADF8006B118C /* Sources */,
				E1D2EFC51B50ADF8006B118C /* Frameworks */,
				E1D2EFC61B50ADF8006B118C /* Resources */,
			);
			buildRules = (
			);
			dependencies = (
				E1D2EFCA1B50ADF8006B118C /* PBXTargetDependency */,
			);
			name = "Memorable PlaceTests";
			productName = "Memorable PlaceTests";
			productReference = E1D2EFC81B50ADF8006B118C /* Memorable PlaceTests.xctest */;
			productType = "com.apple.product-type.bundle.unit-test";
		};
/* End PBXNativeTarget section */

/* Begin PBXProject section */
		E1D2EFAB1B50ADF8006B118C /* Project object */ = {
			isa = PBXProject;
			attributes = {
				LastUpgradeCheck = 0640;
				ORGANIZATIONNAME = Appxie;
				TargetAttributes = {
					E1D2EFB21B50ADF8006B118C = {
						CreatedOnToolsVersion = 6.4;
					};
					E1D2EFC71B50ADF8006B118C = {
						CreatedOnToolsVersion = 6.4;
						TestTargetID = E1D2EFB21B50ADF8006B118C;
					};
				};
			};
			buildConfigurationList = E1D2EFAE1B50ADF8006B118C /* Build configuration list for PBXProject "Memorable Place" */;
			compatibilityVersion = "Xcode 3.2";
			developmentRegion = English;
			hasScannedForEncodings = 0;
			knownRegions = (
				en,
				Base,
			);
			mainGroup = E1D2EFAA1B50ADF8006B118C;
			productRefGroup = E1D2EFB41B50ADF8006B118C /* Products */;
			projectDirPath = "";
			projectRoot = "";
			targets = (
				E1D2EFB21B50ADF8006B118C /* Memorable Place */,
				E1D2EFC71B50ADF8006B118C /* Memorable PlaceTests */,
			);
		};
/* End PBXProject section */

/* Begin PBXResourcesBuildPhase section */
		E1D2EFB11B50ADF8006B118C /* Resources */ = {
			isa = PBXResourcesBuildPhase;
			buildActionMask = 2147483647;
			files = (
				E1D2EFBE1B50ADF8006B118C /* Main.storyboard in Resources */,
				E1D2EFC31B50ADF8006B118C /* LaunchScreen.xib in Resources */,
				E1D2EFC01B50ADF8006B118C /* Images.xcassets in Resources */,
			);
			runOnlyForDeploymentPostprocessing = 0;
		};
		E1D2EFC61B50ADF8006B118C /* Resources */ = {
			isa = PBXResourcesBuildPhase;
			buildActionMask = 2147483647;
			files = (
			);
			runOnlyForDeploymentPostprocessing = 0;
		};
/* End PBXResourcesBuildPhase section */

/* Begin PBXSourcesBuildPhase section */
		E1D2EFAF1B50ADF8006B118C /* Sources */ = {
			isa = PBXSourcesBuildPhase;
			buildActionMask = 2147483647;
			files = (
				E1D2EFBB1B50ADF8006B118C /* ViewController.swift in Sources */,
				E1D2EFD91B50BAA1006B118C /* TableViewController.swift in Sources */,
				E1D2EFB91B50ADF8006B118C /* AppDelegate.swift in Sources */,
			);
			runOnlyForDeploymentPostprocessing = 0;
		};
		E1D2EFC41B50ADF8006B118C /* Sources */ = {
			isa = PBXSourcesBuildPhase;
			buildActionMask = 2147483647;
			files = (
				E1D2EFCF1B50ADF8006B118C /* Memorable_PlaceTests.swift in Sources */,
			);
			runOnlyForDeploymentPostprocessing = 0;
		};
/* End PBXSourcesBuildPhase section */

/* Begin PBXTargetDependency section */
		E1D2EFCA1B50ADF8006B118C /* PBXTargetDependency */ = {
			isa = PBXTargetDependency;
			target = E1D2EFB21B50ADF8006B118C /* Memorable Place */;
			targetProxy = E1D2EFC91B50ADF8006B118C /* PBXContainerItemProxy */;
		};
/* End PBXTargetDependency section */

/* Begin PBXVariantGroup section */
		E1D2EFBC1B50ADF8006B118C /* Main.storyboard */ = {
			isa = PBXVariantGroup;
			children = (
				E1D2EFBD1B50ADF8006B118C /* Base */,
			);
			name = Main.storyboard;
			sourceTree = "<group>";
		};
		E1D2EFC11B50ADF8006B118C /* LaunchScreen.xib */ = {
			isa = PBXVariantGroup;
			children = (
				E1D2EFC21B50ADF8006B118C /* Base */,
			);
			name = LaunchScreen.xib;
			sourceTree = "<group>";
		};
/* End PBXVariantGroup section */

/* Begin XCBuildConfiguration section */
		E1D2EFD01B50ADF8006B118C /* Debug */ = {
			isa = XCBuildConfiguration;
			buildSettings = {
				ALWAYS_SEARCH_USER_PATHS = NO;
				CLANG_CXX_LANGUAGE_STANDARD = "gnu++0x";
				CLANG_CXX_LIBRARY = "libc++";
				CLANG_ENABLE_MODULES = YES;
				CLANG_ENABLE_OBJC_ARC = YES;
				CLANG_WARN_BOOL_CONVERSION = YES;
				CLANG_WARN_CONSTANT_CONVERSION = YES;
				CLANG_WARN_DIRECT_OBJC_ISA_USAGE = YES_ERROR;
				CLANG_WARN_EMPTY_BODY = YES;
				CLANG_WARN_ENUM_CONVERSION = YES;
				CLANG_WARN_INT_CONVERSION = YES;
				CLANG_WARN_OBJC_ROOT_CLASS = YES_ERROR;
				CLANG_WARN_UNREACHABLE_CODE = YES;
				CLANG_WARN__DUPLICATE_METHOD_MATCH = YES;
				"CODE_SIGN_IDENTITY[sdk=iphoneos*]" = "iPhone Developer";
				COPY_PHASE_STRIP = NO;
				DEBUG_INFORMATION_FORMAT = "dwarf-with-dsym";
				ENABLE_STRICT_OBJC_MSGSEND = YES;
				GCC_C_LANGUAGE_STANDARD = gnu99;
				GCC_DYNAMIC_NO_PIC = NO;
				GCC_NO_COMMON_BLOCKS = YES;
				GCC_OPTIMIZATION_LEVEL = 0;
				GCC_PREPROCESSOR_DEFINITIONS = (
					"DEBUG=1",
					"$(inherited)",
				);
				GCC_SYMBOLS_PRIVATE_EXTERN = NO;
				GCC_WARN_64_TO_32_BIT_CONVERSION = YES;
				GCC_WARN_ABOUT_RETURN_TYPE = YES_ERROR;
				GCC_WARN_UNDECLARED_SELECTOR = YES;
				GCC_WARN_UNINITIALIZED_AUTOS = YES_AGGRESSIVE;
				GCC_WARN_UNUSED_FUNCTION = YES;
				GCC_WARN_UNUSED_VARIABLE = YES;
				IPHONEOS_DEPLOYMENT_TARGET = 8.4;
				MTL_ENABLE_DEBUG_INFO = YES;
				ONLY_ACTIVE_ARCH = YES;
				SDKROOT = iphoneos;
				SWIFT_OPTIMIZATION_LEVEL = "-Onone";
			};
			name = Debug;
		};
		E1D2EFD11B50ADF8006B118C /* Release */ = {
			isa = XCBuildConfiguration;
			buildSettings = {
				ALWAYS_SEARCH_USER_PATHS = NO;
				CLANG_CXX_LANGUAGE_STANDARD = "gnu++0x";
				CLANG_CXX_LIBRARY = "libc++";
				CLANG_ENABLE_MODULES = YES;
				CLANG_ENABLE_OBJC_ARC = YES;
				CLANG_WARN_BOOL_CONVERSION = YES;
				CLANG_WARN_CONSTANT_CONVERSION = YES;
				CLANG_WARN_DIRECT_OBJC_ISA_USAGE = YES_ERROR;
				CLANG_WARN_EMPTY_BODY = YES;
				CLANG_WARN_ENUM_CONVERSION = YES;
				CLANG_WARN_INT_CONVERSION = YES;
				CLANG_WARN_OBJC_ROOT_CLASS = YES_ERROR;
				CLANG_WARN_UNREACHABLE_CODE = YES;
				CLANG_WARN__DUPLICATE_METHOD_MATCH = YES;
				"CODE_SIGN_IDENTITY[sdk=iphoneos*]" = "iPhone Developer";
				COPY_PHASE_STRIP = NO;
				DEBUG_INFORMATION_FORMAT = "dwarf-with-dsym";
				ENABLE_NS_ASSERTIONS = NO;
				ENABLE_STRICT_OBJC_MSGSEND = YES;
				GCC_C_LANGUAGE_STANDARD = gnu99;
				GCC_NO_COMMON_BLOCKS = YES;
				GCC_WARN_64_TO_32_BIT_CONVERSION = YES;
				GCC_WARN_ABOUT_RETURN_TYPE = YES_ERROR;
				GCC_WARN_UNDECLARED_SELECTOR = YES;
				GCC_WARN_UNINITIALIZED_AUTOS = YES_AGGRESSIVE;
				GCC_WARN_UNUSED_FUNCTION = YES;
				GCC_WARN_UNUSED_VARIABLE = YES;
				IPHONEOS_DEPLOYMENT_TARGET = 8.4;
				MTL_ENABLE_DEBUG_INFO = NO;
				SDKROOT = iphoneos;
				VALIDATE_PRODUCT = YES;
			};
			name = Release;
		};
		E1D2EFD31B50ADF8006B118C /* Debug */ = {
			isa = XCBuildConfiguration;
			buildSettings = {
				ASSETCATALOG_COMPILER_APPICON_NAME = AppIcon;
				INFOPLIST_FILE = "Memorable Place/Info.plist";
				LD_RUNPATH_SEARCH_PATHS = "$(inherited) @executable_path/Frameworks";
				PRODUCT_NAME = "$(TARGET_NAME)";
			};
			name = Debug;
		};
		E1D2EFD41B50ADF8006B118C /* Release */ = {
			isa = XCBuildConfiguration;
			buildSettings = {
				ASSETCATALOG_COMPILER_APPICON_NAME = AppIcon;
				INFOPLIST_FILE = "Memorable Place/Info.plist";
				LD_RUNPATH_SEARCH_PATHS = "$(inherited) @executable_path/Frameworks";
				PRODUCT_NAME = "$(TARGET_NAME)";
			};
			name = Release;
		};
		E1D2EFD61B50ADF8006B118C /* Debug */ = {
			isa = XCBuildConfiguration;
			buildSettings = {
				BUNDLE_LOADER = "$(TEST_HOST)";
				FRAMEWORK_SEARCH_PATHS = (
					"$(SDKROOT)/Developer/Library/Frameworks",
					"$(inherited)",
				);
				GCC_PREPROCESSOR_DEFINITIONS = (
					"DEBUG=1",
					"$(inherited)",
				);
				INFOPLIST_FILE = "Memorable PlaceTests/Info.plist";
				LD_RUNPATH_SEARCH_PATHS = "$(inherited) @executable_path/Frameworks @loader_path/Frameworks";
				PRODUCT_NAME = "$(TARGET_NAME)";
				TEST_HOST = "$(BUILT_PRODUCTS_DIR)/Memorable Place.app/Memorable Place";
			};
			name = Debug;
		};
		E1D2EFD71B50ADF8006B118C /* Release */ = {
			isa = XCBuildConfiguration;
			buildSettings = {
				BUNDLE_LOADER = "$(TEST_HOST)";
				FRAMEWORK_SEARCH_PATHS = (
					"$(SDKROOT)/Developer/Library/Frameworks",
					"$(inherited)",
				);
				INFOPLIST_FILE = "Memorable PlaceTests/Info.plist";
				LD_RUNPATH_SEARCH_PATHS = "$(inherited) @executable_path/Frameworks @loader_path/Frameworks";
				PRODUCT_NAME = "$(TARGET_NAME)";
				TEST_HOST = "$(BUILT_PRODUCTS_DIR)/Memorable Place.app/Memorable Place";
			};
			name = Release;
		};
/* End XCBuildConfiguration section */

/* Begin XCConfigurationList section */
		E1D2EFAE1B50ADF8006B118C /* Build configuration list for PBXProject "Memorable Place" */ = {
			isa = XCConfigurationList;
			buildConfigurations = (
				E1D2EFD01B50ADF8006B118C /* Debug */,
				E1D2EFD11B50ADF8006B118C /* Release */,
			);
			defaultConfigurationIsVisible = 0;
			defaultConfigurationName = Release;
		};
		E1D2EFD21B50ADF8006B118C /* Build configuration list for PBXNativeTarget "Memorable Place" */ = {
			isa = XCConfigurationList;
			buildConfigurations = (
				E1D2EFD31B50ADF8006B118C /* Debug */,
				E1D2EFD41B50ADF8006B118C /* Release */,
			);
			defaultConfigurationIsVisible = 0;
		};
		E1D2EFD51B50ADF8006B118C /* Build configuration list for PBXNativeTarget "Memorable PlaceTests" */ = {
			isa = XCConfigurationList;
			buildConfigurations = (
				E1D2EFD61B50ADF8006B118C /* Debug */,
				E1D2EFD71B50ADF8006B118C /* Release */,
			);
			defaultConfigurationIsVisible = 0;
		};
/* End XCConfigurationList section */
	};
	rootObject = E1D2EFAB1B50ADF8006B118C /* Project object */;
}
